
Microsoft Visual Studio Solution File, Format Version 12.00
# Visual Studio 15
VisualStudioVersion = 15.0.28010.2026
MinimumVisualStudioVersion = 10.0.40219.1
Project("{FAE04EC0-301F-11D3-BF4B-00C04F79EFBC}") = "SCUM Admin", "SCUM Admin\SCUM Admin.csproj", "{2B261D71-35BF-4D49-BD4C-1BB916ABBB76}"
EndProject
Global
	GlobalSection(SolutionConfigurationPlatforms) = preSolution
		Debug|Any CPU = Debug|Any CPU
		Release|Any CPU = Release|Any CPU
	EndGlobalSection
	GlobalSection(ProjectConfigurationPlatforms) = postSolution
		{2B261D71-35BF-4D49-BD4C-1BB916ABBB76}.Debug|Any CPU.ActiveCfg = Debug|Any CPU
		{2B261D71-35BF-4D49-BD4C-1BB916ABBB76}.Debug|Any CPU.Build.0 = Debug|Any CPU
		{2B261D71-35BF-4D49-BD4C-1BB916ABBB76}.Release|Any CPU.ActiveCfg = Release|Any CPU
		{2B261D71-35BF-4D49-BD4C-1BB916ABBB76}.Release|Any CPU.Build.0 = Release|Any CPU
	EndGlobalSection
	GlobalSection(SolutionProperties) = preSolution
		HideSolutionNode = FALSE
	EndGlobalSection
	GlobalSection(ExtensibilityGlobals) = postSolution
		SolutionGuid = {0764AE32-0D66-4E43-9877-B0CEAC916D63}
	EndGlobalSection
EndGlobal
